// !$*UTF8*$!
{
	archiveVersion = 1;
	classes = {
	};
	objectVersion = 46;
	objects = {

/* Begin PBXBuildFile section */
		8D1022441BCD62E6005BAEC9 /* AppDelegate.swift in Sources */ = {isa = PBXBuildFile; fileRef = 8D1022431BCD62E6005BAEC9 /* AppDelegate.swift */; };
		8D1022461BCD62E6005BAEC9 /* ViewController.swift in Sources */ = {isa = PBXBuildFile; fileRef = 8D1022451BCD62E6005BAEC9 /* ViewController.swift */; };
		8D1022491BCD62E6005BAEC9 /* Main.storyboard in Resources */ = {isa = PBXBuildFile; fileRef = 8D1022471BCD62E6005BAEC9 /* Main.storyboard */; };
		8D10224B1BCD62E6005BAEC9 /* Images.xcassets in Resources */ = {isa = PBXBuildFile; fileRef = 8D10224A1BCD62E6005BAEC9 /* Images.xcassets */; };
		8D10224E1BCD62E6005BAEC9 /* LaunchScreen.xib in Resources */ = {isa = PBXBuildFile; fileRef = 8D10224C1BCD62E6005BAEC9 /* LaunchScreen.xib */; };
		8D10225A1BCD62E6005BAEC9 /* wspolrzedneTests.swift in Sources */ = {isa = PBXBuildFile; fileRef = 8D1022591BCD62E6005BAEC9 /* wspolrzedneTests.swift */; };
		8D1022641BCD8763005BAEC9 /* MapKit.framework in Frameworks */ = {isa = PBXBuildFile; fileRef = 8D1022631BCD8763005BAEC9 /* MapKit.framework */; };
		8D1022681BCD8FEE005BAEC9 /* CoreLocation.framework in Frameworks */ = {isa = PBXBuildFile; fileRef = 8D1022671BCD8FEE005BAEC9 /* CoreLocation.framework */; };
		8DF754BE1BCED2F3009F3CAD /* README.md in Sources */ = {isa = PBXBuildFile; fileRef = 8DF754BD1BCED2F3009F3CAD /* README.md */; };
/* End PBXBuildFile section */

/* Begin PBXContainerItemProxy section */
		8D1022541BCD62E6005BAEC9 /* PBXContainerItemProxy */ = {
			isa = PBXContainerItemProxy;
			containerPortal = 8D1022361BCD62E6005BAEC9 /* Project object */;
			proxyType = 1;
			remoteGlobalIDString = 8D10223D1BCD62E6005BAEC9;
			remoteInfo = wspolrzedne;
		};
/* End PBXContainerItemProxy section */

/* Begin PBXFileReference section */
		8D10223E1BCD62E6005BAEC9 /* wspolrzedne.app */ = {isa = PBXFileReference; explicitFileType = wrapper.application; includeInIndex = 0; path = wspolrzedne.app; sourceTree = BUILT_PRODUCTS_DIR; };
		8D1022421BCD62E6005BAEC9 /* Info.plist */ = {isa = PBXFileReference; lastKnownFileType = text.plist.xml; path = Info.plist; sourceTree = "<group>"; };
		8D1022431BCD62E6005BAEC9 /* AppDelegate.swift */ = {isa = PBXFileReference; lastKnownFileType = sourcecode.swift; path = AppDelegate.swift; sourceTree = "<group>"; };
		8D1022451BCD62E6005BAEC9 /* ViewController.swift */ = {isa = PBXFileReference; lastKnownFileType = sourcecode.swift; path = ViewController.swift; sourceTree = "<group>"; };
		8D1022481BCD62E6005BAEC9 /* Base */ = {isa = PBXFileReference; lastKnownFileType = file.storyboard; name = Base; path = Base.lproj/Main.storyboard; sourceTree = "<group>"; };
		8D10224A1BCD62E6005BAEC9 /* Images.xcassets */ = {isa = PBXFileReference; lastKnownFileType = folder.assetcatalog; path = Images.xcassets; sourceTree = "<group>"; };
		8D10224D1BCD62E6005BAEC9 /* Base */ = {isa = PBXFileReference; lastKnownFileType = file.xib; name = Base; path = Base.lproj/LaunchScreen.xib; sourceTree = "<group>"; };
		8D1022531BCD62E6005BAEC9 /* wspolrzedneTests.xctest */ = {isa = PBXFileReference; explicitFileType = wrapper.cfbundle; includeInIndex = 0; path = wspolrzedneTests.xctest; sourceTree = BUILT_PRODUCTS_DIR; };
		8D1022581BCD62E6005BAEC9 /* Info.plist */ = {isa = PBXFileReference; lastKnownFileType = text.plist.xml; path = Info.plist; sourceTree = "<group>"; };
		8D1022591BCD62E6005BAEC9 /* wspolrzedneTests.swift */ = {isa = PBXFileReference; lastKnownFileType = sourcecode.swift; path = wspolrzedneTests.swift; sourceTree = "<group>"; };
		8D1022631BCD8763005BAEC9 /* MapKit.framework */ = {isa = PBXFileReference; lastKnownFileType = wrapper.framework; name = MapKit.framework; path = System/Library/Frameworks/MapKit.framework; sourceTree = SDKROOT; };
		8D1022671BCD8FEE005BAEC9 /* CoreLocation.framework */ = {isa = PBXFileReference; lastKnownFileType = wrapper.framework; name = CoreLocation.framework; path = System/Library/Frameworks/CoreLocation.framework; sourceTree = SDKROOT; };
		8DF754BD1BCED2F3009F3CAD /* README.md */ = {isa = PBXFileReference; fileEncoding = 4; lastKnownFileType = net.daringfireball.markdown; path = README.md; sourceTree = SOURCE_ROOT; };
/* End PBXFileReference section */

/* Begin PBXFrameworksBuildPhase section */
		8D10223B1BCD62E6005BAEC9 /* Frameworks */ = {
			isa = PBXFrameworksBuildPhase;
			buildActionMask = 2147483647;
			files = (
				8D1022681BCD8FEE005BAEC9 /* CoreLocation.framework in Frameworks */,
				8D1022641BCD8763005BAEC9 /* MapKit.framework in Frameworks */,
			);
			runOnlyForDeploymentPostprocessing = 0;
		};
		8D1022501BCD62E6005BAEC9 /* Frameworks */ = {
			isa = PBXFrameworksBuildPhase;
			buildActionMask = 2147483647;
			files = (
			);
			runOnlyForDeploymentPostprocessing = 0;
		};
/* End PBXFrameworksBuildPhase section */

/* Begin PBXGroup section */
		8D1022351BCD62E6005BAEC9 = {
			isa = PBXGroup;
			children = (
				8D1022671BCD8FEE005BAEC9 /* CoreLocation.framework */,
				8D1022631BCD8763005BAEC9 /* MapKit.framework */,
				8D1022401BCD62E6005BAEC9 /* wspolrzedne */,
				8D1022561BCD62E6005BAEC9 /* wspolrzedneTests */,
				8D10223F1BCD62E6005BAEC9 /* Products */,
			);
			sourceTree = "<group>";
		};
		8D10223F1BCD62E6005BAEC9 /* Products */ = {
			isa = PBXGroup;
			children = (
				8D10223E1BCD62E6005BAEC9 /* wspolrzedne.app */,
				8D1022531BCD62E6005BAEC9 /* wspolrzedneTests.xctest */,
			);
			name = Products;
			sourceTree = "<group>";
		};
		8D1022401BCD62E6005BAEC9 /* wspolrzedne */ = {
			isa = PBXGroup;
			children = (
				8D1022431BCD62E6005BAEC9 /* AppDelegate.swift */,
				8D1022451BCD62E6005BAEC9 /* ViewController.swift */,
				8D1022471BCD62E6005BAEC9 /* Main.storyboard */,
				8D10224A1BCD62E6005BAEC9 /* Images.xcassets */,
				8D10224C1BCD62E6005BAEC9 /* LaunchScreen.xib */,
				8DF754BD1BCED2F3009F3CAD /* README.md */,
				8D1022411BCD62E6005BAEC9 /* Supporting Files */,
			);
			path = wspolrzedne;
			sourceTree = "<group>";
		};
		8D1022411BCD62E6005BAEC9 /* Supporting Files */ = {
			isa = PBXGroup;
			children = (
				8D1022421BCD62E6005BAEC9 /* Info.plist */,
			);
			name = "Supporting Files";
			sourceTree = "<group>";
		};
		8D1022561BCD62E6005BAEC9 /* wspolrzedneTests */ = {
			isa = PBXGroup;
			children = (
				8D1022591BCD62E6005BAEC9 /* wspolrzedneTests.swift */,
				8D1022571BCD62E6005BAEC9 /* Supporting Files */,
			);
			path = wspolrzedneTests;
			sourceTree = "<group>";
		};
		8D1022571BCD62E6005BAEC9 /* Supporting Files */ = {
			isa = PBXGroup;
			children = (
				8D1022581BCD62E6005BAEC9 /* Info.plist */,
			);
			name = "Supporting Files";
			sourceTree = "<group>";
		};
/* End PBXGroup section */

/* Begin PBXNativeTarget section */
		8D10223D1BCD62E6005BAEC9 /* wspolrzedne */ = {
			isa = PBXNativeTarget;
			buildConfigurationList = 8D10225D1BCD62E6005BAEC9 /* Build configuration list for PBXNativeTarget "wspolrzedne" */;
			buildPhases = (
				8D10223A1BCD62E6005BAEC9 /* Sources */,
				8D10223B1BCD62E6005BAEC9 /* Frameworks */,
				8D10223C1BCD62E6005BAEC9 /* Resources */,
			);
			buildRules = (
			);
			dependencies = (
			);
			name = wspolrzedne;
			productName = wspolrzedne;
			productReference = 8D10223E1BCD62E6005BAEC9 /* wspolrzedne.app */;
			productType = "com.apple.product-type.application";
		};
		8D1022521BCD62E6005BAEC9 /* wspolrzedneTests */ = {
			isa = PBXNativeTarget;
			buildConfigurationList = 8D1022601BCD62E6005BAEC9 /* Build configuration list for PBXNativeTarget "wspolrzedneTests" */;
			buildPhases = (
				8D10224F1BCD62E6005BAEC9 /* Sources */,
				8D1022501BCD62E6005BAEC9 /* Frameworks */,
				8D1022511BCD62E6005BAEC9 /* Resources */,
			);
			buildRules = (
			);
			dependencies = (
				8D1022551BCD62E6005BAEC9 /* PBXTargetDependency */,
			);
			name = wspolrzedneTests;
			productName = wspolrzedneTests;
			productReference = 8D1022531BCD62E6005BAEC9 /* wspolrzedneTests.xctest */;
			productType = "com.apple.product-type.bundle.unit-test";
		};
/* End PBXNativeTarget section */

/* Begin PBXProject section */
		8D1022361BCD62E6005BAEC9 /* Project object */ = {
			isa = PBXProject;
			attributes = {
				LastUpgradeCheck = 0640;
				ORGANIZATIONNAME = "Martyna Rysak";
				TargetAttributes = {
					8D10223D1BCD62E6005BAEC9 = {
						CreatedOnToolsVersion = 6.4;
					};
					8D1022521BCD62E6005BAEC9 = {
						CreatedOnToolsVersion = 6.4;
						TestTargetID = 8D10223D1BCD62E6005BAEC9;
					};
				};
			};
			buildConfigurationList = 8D1022391BCD62E6005BAEC9 /* Build configuration list for PBXProject "wspolrzedne" */;
			compatibilityVersion = "Xcode 3.2";
			developmentRegion = English;
			hasScannedForEncodings = 0;
			knownRegions = (
				en,
				Base,
			);
			mainGroup = 8D1022351BCD62E6005BAEC9;
			productRefGroup = 8D10223F1BCD62E6005BAEC9 /* Products */;
			projectDirPath = "";
			projectRoot = "";
			targets = (
				8D10223D1BCD62E6005BAEC9 /* wspolrzedne */,
				8D1022521BCD62E6005BAEC9 /* wspolrzedneTests */,
			);
		};
/* End PBXProject section */

/* Begin PBXResourcesBuildPhase section */
		8D10223C1BCD62E6005BAEC9 /* Resources */ = {
			isa = PBXResourcesBuildPhase;
			buildActionMask = 2147483647;
			files = (
				8D1022491BCD62E6005BAEC9 /* Main.storyboard in Resources */,
				8D10224E1BCD62E6005BAEC9 /* LaunchScreen.xib in Resources */,
				8D10224B1BCD62E6005BAEC9 /* Images.xcassets in Resources */,
			);
			runOnlyForDeploymentPostprocessing = 0;
		};
		8D1022511BCD62E6005BAEC9 /* Resources */ = {
			isa = PBXResourcesBuildPhase;
			buildActionMask = 2147483647;
			files = (
			);
			runOnlyForDeploymentPostprocessing = 0;
		};
/* End PBXResourcesBuildPhase section */

/* Begin PBXSourcesBuildPhase section */
		8D10223A1BCD62E6005BAEC9 /* Sources */ = {
			isa = PBXSourcesBuildPhase;
			buildActionMask = 2147483647;
			files = (
				8DF754BE1BCED2F3009F3CAD /* README.md in Sources */,
				8D1022461BCD62E6005BAEC9 /* ViewController.swift in Sources */,
				8D1022441BCD62E6005BAEC9 /* AppDelegate.swift in Sources */,
			);
			runOnlyForDeploymentPostprocessing = 0;
		};
		8D10224F1BCD62E6005BAEC9 /* Sources */ = {
			isa = PBXSourcesBuildPhase;
			buildActionMask = 2147483647;
			files = (
				8D10225A1BCD62E6005BAEC9 /* wspolrzedneTests.swift in Sources */,
			);
			runOnlyForDeploymentPostprocessing = 0;
		};
/* End PBXSourcesBuildPhase section */

/* Begin PBXTargetDependency section */
		8D1022551BCD62E6005BAEC9 /* PBXTargetDependency */ = {
			isa = PBXTargetDependency;
			target = 8D10223D1BCD62E6005BAEC9 /* wspolrzedne */;
			targetProxy = 8D1022541BCD62E6005BAEC9 /* PBXContainerItemProxy */;
		};
/* End PBXTargetDependency section */

/* Begin PBXVariantGroup section */
		8D1022471BCD62E6005BAEC9 /* Main.storyboard */ = {
			isa = PBXVariantGroup;
			children = (
				8D1022481BCD62E6005BAEC9 /* Base */,
			);
			name = Main.storyboard;
			sourceTree = "<group>";
		};
		8D10224C1BCD62E6005BAEC9 /* LaunchScreen.xib */ = {
			isa = PBXVariantGroup;
			children = (
				8D10224D1BCD62E6005BAEC9 /* Base */,
			);
			name = LaunchScreen.xib;
			sourceTree = "<group>";
		};
/* End PBXVariantGroup section */

/* Begin XCBuildConfiguration section */
		8D10225B1BCD62E6005BAEC9 /* Debug */ = {
			isa = XCBuildConfiguration;
			buildSettings = {
				ALWAYS_SEARCH_USER_PATHS = NO;
				CLANG_CXX_LANGUAGE_STANDARD = "gnu++0x";
				CLANG_CXX_LIBRARY = "libc++";
				CLANG_ENABLE_MODULES = YES;
				CLANG_ENABLE_OBJC_ARC = YES;
				CLANG_WARN_BOOL_CONVERSION = YES;
				CLANG_WARN_CONSTANT_CONVERSION = YES;
				CLANG_WARN_DIRECT_OBJC_ISA_USAGE = YES_ERROR;
				CLANG_WARN_EMPTY_BODY = YES;
				CLANG_WARN_ENUM_CONVERSION = YES;
				CLANG_WARN_INT_CONVERSION = YES;
				CLANG_WARN_OBJC_ROOT_CLASS = YES_ERROR;
				CLANG_WARN_UNREACHABLE_CODE = YES;
				CLANG_WARN__DUPLICATE_METHOD_MATCH = YES;
				"CODE_SIGN_IDENTITY[sdk=iphoneos*]" = "iPhone Developer";
				COPY_PHASE_STRIP = NO;
				DEBUG_INFORMATION_FORMAT = "dwarf-with-dsym";
				ENABLE_STRICT_OBJC_MSGSEND = YES;
				GCC_C_LANGUAGE_STANDARD = gnu99;
				GCC_DYNAMIC_NO_PIC = NO;
				GCC_NO_COMMON_BLOCKS = YES;
				GCC_OPTIMIZATION_LEVEL = 0;
				GCC_PREPROCESSOR_DEFINITIONS = (
					"DEBUG=1",
					"$(inherited)",
				);
				GCC_SYMBOLS_PRIVATE_EXTERN = NO;
				GCC_WARN_64_TO_32_BIT_CONVERSION = YES;
				GCC_WARN_ABOUT_RETURN_TYPE = YES_ERROR;
				GCC_WARN_UNDECLARED_SELECTOR = YES;
				GCC_WARN_UNINITIALIZED_AUTOS = YES_AGGRESSIVE;
				GCC_WARN_UNUSED_FUNCTION = YES;
				GCC_WARN_UNUSED_VARIABLE = YES;
				IPHONEOS_DEPLOYMENT_TARGET = 8.4;
				MTL_ENABLE_DEBUG_INFO = YES;
				ONLY_ACTIVE_ARCH = YES;
				SDKROOT = iphoneos;
				SWIFT_OPTIMIZATION_LEVEL = "-Onone";
				TARGETED_DEVICE_FAMILY = "1,2";
			};
			name = Debug;
		};
		8D10225C1BCD62E6005BAEC9 /* Release */ = {
			isa = XCBuildConfiguration;
			buildSettings = {
				ALWAYS_SEARCH_USER_PATHS = NO;
				CLANG_CXX_LANGUAGE_STANDARD = "gnu++0x";
				CLANG_CXX_LIBRARY = "libc++";
				CLANG_ENABLE_MODULES = YES;
				CLANG_ENABLE_OBJC_ARC = YES;
				CLANG_WARN_BOOL_CONVERSION = YES;
				CLANG_WARN_CONSTANT_CONVERSION = YES;
				CLANG_WARN_DIRECT_OBJC_ISA_USAGE = YES_ERROR;
				CLANG_WARN_EMPTY_BODY = YES;
				CLANG_WARN_ENUM_CONVERSION = YES;
				CLANG_WARN_INT_CONVERSION = YES;
				CLANG_WARN_OBJC_ROOT_CLASS = YES_ERROR;
				CLANG_WARN_UNREACHABLE_CODE = YES;
				CLANG_WARN__DUPLICATE_METHOD_MATCH = YES;
				"CODE_SIGN_IDENTITY[sdk=iphoneos*]" = "iPhone Developer";
				COPY_PHASE_STRIP = NO;
				DEBUG_INFORMATION_FORMAT = "dwarf-with-dsym";
				ENABLE_NS_ASSERTIONS = NO;
				ENABLE_STRICT_OBJC_MSGSEND = YES;
				GCC_C_LANGUAGE_STANDARD = gnu99;
				GCC_NO_COMMON_BLOCKS = YES;
				GCC_WARN_64_TO_32_BIT_CONVERSION = YES;
				GCC_WARN_ABOUT_RETURN_TYPE = YES_ERROR;
				GCC_WARN_UNDECLARED_SELECTOR = YES;
				GCC_WARN_UNINITIALIZED_AUTOS = YES_AGGRESSIVE;
				GCC_WARN_UNUSED_FUNCTION = YES;
				GCC_WARN_UNUSED_VARIABLE = YES;
				IPHONEOS_DEPLOYMENT_TARGET = 8.4;
				MTL_ENABLE_DEBUG_INFO = NO;
				SDKROOT = iphoneos;
				TARGETED_DEVICE_FAMILY = "1,2";
				VALIDATE_PRODUCT = YES;
			};
			name = Release;
		};
		8D10225E1BCD62E6005BAEC9 /* Debug */ = {
			isa = XCBuildConfiguration;
			buildSettings = {
				ASSETCATALOG_COMPILER_APPICON_NAME = AppIcon;
				INFOPLIST_FILE = wspolrzedne/Info.plist;
				LD_RUNPATH_SEARCH_PATHS = "$(inherited) @executable_path/Frameworks";
				PRODUCT_NAME = "$(TARGET_NAME)";
			};
			name = Debug;
		};
		8D10225F1BCD62E6005BAEC9 /* Release */ = {
			isa = XCBuildConfiguration;
			buildSettings = {
				ASSETCATALOG_COMPILER_APPICON_NAME = AppIcon;
				INFOPLIST_FILE = wspolrzedne/Info.plist;
				LD_RUNPATH_SEARCH_PATHS = "$(inherited) @executable_path/Frameworks";
				PRODUCT_NAME = "$(TARGET_NAME)";
			};
			name = Release;
		};
		8D1022611BCD62E6005BAEC9 /* Debug */ = {
			isa = XCBuildConfiguration;
			buildSettings = {
				BUNDLE_LOADER = "$(TEST_HOST)";
				FRAMEWORK_SEARCH_PATHS = (
					"$(SDKROOT)/Developer/Library/Frameworks",
					"$(inherited)",
				);
				GCC_PREPROCESSOR_DEFINITIONS = (
					"DEBUG=1",
					"$(inherited)",
				);
				INFOPLIST_FILE = wspolrzedneTests/Info.plist;
				LD_RUNPATH_SEARCH_PATHS = "$(inherited) @executable_path/Frameworks @loader_path/Frameworks";
				PRODUCT_NAME = "$(TARGET_NAME)";
				TEST_HOST = "$(BUILT_PRODUCTS_DIR)/wspolrzedne.app/wspolrzedne";
			};
			name = Debug;
		};
		8D1022621BCD62E6005BAEC9 /* Release */ = {
			isa = XCBuildConfiguration;
			buildSettings = {
				BUNDLE_LOADER = "$(TEST_HOST)";
				FRAMEWORK_SEARCH_PATHS = (
					"$(SDKROOT)/Developer/Library/Frameworks",
					"$(inherited)",
				);
				INFOPLIST_FILE = wspolrzedneTests/Info.plist;
				LD_RUNPATH_SEARCH_PATHS = "$(inherited) @executable_path/Frameworks @loader_path/Frameworks";
				PRODUCT_NAME = "$(TARGET_NAME)";
				TEST_HOST = "$(BUILT_PRODUCTS_DIR)/wspolrzedne.app/wspolrzedne";
			};
			name = Release;
		};
/* End XCBuildConfiguration section */

/* Begin XCConfigurationList section */
		8D1022391BCD62E6005BAEC9 /* Build configuration list for PBXProject "wspolrzedne" */ = {
			isa = XCConfigurationList;
			buildConfigurations = (
				8D10225B1BCD62E6005BAEC9 /* Debug */,
				8D10225C1BCD62E6005BAEC9 /* Release */,
			);
			defaultConfigurationIsVisible = 0;
			defaultConfigurationName = Release;
		};
		8D10225D1BCD62E6005BAEC9 /* Build configuration list for PBXNativeTarget "wspolrzedne" */ = {
			isa = XCConfigurationList;
			buildConfigurations = (
				8D10225E1BCD62E6005BAEC9 /* Debug */,
				8D10225F1BCD62E6005BAEC9 /* Release */,
			);
			defaultConfigurationIsVisible = 0;
			defaultConfigurationName = Release;
		};
		8D1022601BCD62E6005BAEC9 /* Build configuration list for PBXNativeTarget "wspolrzedneTests" */ = {
			isa = XCConfigurationList;
			buildConfigurations = (
				8D1022611BCD62E6005BAEC9 /* Debug */,
				8D1022621BCD62E6005BAEC9 /* Release */,
			);
			defaultConfigurationIsVisible = 0;
			defaultConfigurationName = Release;
		};
/* End XCConfigurationList section */
	};
	rootObject = 8D1022361BCD62E6005BAEC9 /* Project object */;
}
